
Microsoft Visual Studio Solution File, Format Version 12.00
# Visual Studio Version 17
VisualStudioVersion = 17.11.35327.3
MinimumVisualStudioVersion = 10.0.40219.1
Project("{FAE04EC0-301F-11D3-BF4B-00C04F79EFBC}") = "SleepTrackingSystem", "SleepTrackingSystem\SleepTrackingSystem.csproj", "{B55CC4E0-9D80-44FD-8C9F-F3EA2369FBC6}"
EndProject
Global
	GlobalSection(SolutionConfigurationPlatforms) = preSolution
		Debug|Any CPU = Debug|Any CPU
		Release|Any CPU = Release|Any CPU
	EndGlobalSection
	GlobalSection(ProjectConfigurationPlatforms) = postSolution
		{B55CC4E0-9D80-44FD-8C9F-F3EA2369FBC6}.Debug|Any CPU.ActiveCfg = Debug|Any CPU
		{B55CC4E0-9D80-44FD-8C9F-F3EA2369FBC6}.Debug|Any CPU.Build.0 = Debug|Any CPU
		{B55CC4E0-9D80-44FD-8C9F-F3EA2369FBC6}.Release|Any CPU.ActiveCfg = Release|Any CPU
		{B55CC4E0-9D80-44FD-8C9F-F3EA2369FBC6}.Release|Any CPU.Build.0 = Release|Any CPU
	EndGlobalSection
	GlobalSection(SolutionProperties) = preSolution
		HideSolutionNode = FALSE
	EndGlobalSection
	GlobalSection(ExtensibilityGlobals) = postSolution
		SolutionGuid = {A4A1F187-D8D0-40D2-9123-8EDA33079C67}
	EndGlobalSection
EndGlobal
